Microsoft Visual Studio Solution File, Format Version 11.00
# Visual Studio 2008

Project("{BA7C7ACF-BA0C-7FC9-6D76-FE66A1E2997E}") = "2DPack", "Assembly-CSharp-firstpass-vs.csproj", "{A27D8B55-D405-34B5-ACAA-2E5B398A0E51}"
EndProject
Project("{BA7C7ACF-BA0C-7FC9-6D76-FE66A1E2997E}") = "2DPack", "Assembly-CSharp-vs.csproj", "{76AD8600-E3DF-23FB-F9C9-5DC7F25016C8}"
EndProject
Project("{BA7C7ACF-BA0C-7FC9-6D76-FE66A1E2997E}") = "2DPack", "Assembly-CSharp-Editor-vs.csproj", "{CB676D75-3B87-816C-2E2B-E210A53A051C}"
EndProject
Global
	GlobalSection(SolutionConfigurationPlatforms) = preSolution
		Debug|Any CPU = Debug|Any CPU
		Release|Any CPU = Release|Any CPU
	EndGlobalSection
	GlobalSection(ProjectConfigurationPlatforms) = postSolution
		{A27D8B55-D405-34B5-ACAA-2E5B398A0E51}.Debug|Any CPU.ActiveCfg = Debug|Any CPU
		{A27D8B55-D405-34B5-ACAA-2E5B398A0E51}.Debug|Any CPU.Build.0 = Debug|Any CPU
		{A27D8B55-D405-34B5-ACAA-2E5B398A0E51}.Release|Any CPU.ActiveCfg = Release|Any CPU
		{A27D8B55-D405-34B5-ACAA-2E5B398A0E51}.Release|Any CPU.Build.0 = Release|Any CPU
		{76AD8600-E3DF-23FB-F9C9-5DC7F25016C8}.Debug|Any CPU.ActiveCfg = Debug|Any CPU
		{76AD8600-E3DF-23FB-F9C9-5DC7F25016C8}.Debug|Any CPU.Build.0 = Debug|Any CPU
		{76AD8600-E3DF-23FB-F9C9-5DC7F25016C8}.Release|Any CPU.ActiveCfg = Release|Any CPU
		{76AD8600-E3DF-23FB-F9C9-5DC7F25016C8}.Release|Any CPU.Build.0 = Release|Any CPU
		{CB676D75-3B87-816C-2E2B-E210A53A051C}.Debug|Any CPU.ActiveCfg = Debug|Any CPU
		{CB676D75-3B87-816C-2E2B-E210A53A051C}.Debug|Any CPU.Build.0 = Debug|Any CPU
		{CB676D75-3B87-816C-2E2B-E210A53A051C}.Release|Any CPU.ActiveCfg = Release|Any CPU
		{CB676D75-3B87-816C-2E2B-E210A53A051C}.Release|Any CPU.Build.0 = Release|Any CPU
	EndGlobalSection
	GlobalSection(SolutionProperties) = preSolution
		HideSolutionNode = FALSE
	EndGlobalSection
																																																		GlobalSection(MonoDevelopProperties) = preSolution
		StartupItem = Assembly-CSharp.csproj
		Policies = $0
		$0.TextStylePolicy = $1
		$1.inheritsSet = null
		$1.scope = text/x-csharp
		$0.CSharpFormattingPolicy = $2
		$2.inheritsSet = Mono
		$2.inheritsScope = text/x-csharp
		$2.scope = text/x-csharp
		$0.TextStylePolicy = $3
		$3.FileWidth = 120
		$3.TabWidth = 4
		$3.EolMarker = Unix
		$3.inheritsSet = Mono
		$3.inheritsScope = text/plain
		$3.scope = text/plain
	EndGlobalSection

EndGlobal
